// !$*UTF8*$!
{
	archiveVersion = 1;
	classes = {
	};
	objectVersion = 51;
	objects = {

/* Begin PBXBuildFile section */
		0DA97636845160450AB8DF56 /* Pods_Kontur_Frut_1.framework in Frameworks */ = {isa = PBXBuildFile; fileRef = 30AF9F90992FA344E54CF7CC /* Pods_Kontur_Frut_1.framework */; };
		230D39F5267B93720058148B /* Posrednik.swift in Sources */ = {isa = PBXBuildFile; fileRef = 230D39F4267B93710058148B /* Posrednik.swift */; };
		230D39F9267B9E850058148B /* MyArray.swift in Sources */ = {isa = PBXBuildFile; fileRef = 230D39F8267B9E850058148B /* MyArray.swift */; };
		230D39FC267BA85D0058148B /* Contragent.swift in Sources */ = {isa = PBXBuildFile; fileRef = 230D39FA267BA85D0058148B /* Contragent.swift */; };
		230D39FD267BA85D0058148B /* Firma.swift in Sources */ = {isa = PBXBuildFile; fileRef = 230D39FB267BA85D0058148B /* Firma.swift */; };
		230D39FF267BAC3D0058148B /* Naznach.swift in Sources */ = {isa = PBXBuildFile; fileRef = 230D39FE267BAC3D0058148B /* Naznach.swift */; };
		230D3A01268081840058148B /* Oplata.swift in Sources */ = {isa = PBXBuildFile; fileRef = 230D3A00268081840058148B /* Oplata.swift */; };
		230F81E9263BE33D00F2E925 /* DetailsVC.swift in Sources */ = {isa = PBXBuildFile; fileRef = 230F81E8263BE33D00F2E925 /* DetailsVC.swift */; };
		230F81EE263C58FC00F2E925 /* TableViewCell.swift in Sources */ = {isa = PBXBuildFile; fileRef = 230F81EC263C58FC00F2E925 /* TableViewCell.swift */; };
		230F81EF263C58FC00F2E925 /* TableViewCell.xib in Resources */ = {isa = PBXBuildFile; fileRef = 230F81ED263C58FC00F2E925 /* TableViewCell.xib */; };
		230F81F32640023E00F2E925 /* HttpRequest.swift in Sources */ = {isa = PBXBuildFile; fileRef = 230F81F22640023C00F2E925 /* HttpRequest.swift */; };
		233ABC6E268D026C009D1CA9 /* PostImage.swift in Sources */ = {isa = PBXBuildFile; fileRef = 233ABC6D268D0269009D1CA9 /* PostImage.swift */; };
		233ABC702691C237009D1CA9 /* PictOrderVC.swift in Sources */ = {isa = PBXBuildFile; fileRef = 233ABC6F2691C236009D1CA9 /* PictOrderVC.swift */; };
		2367793B263978B30046CA60 /* StructRow.swift in Sources */ = {isa = PBXBuildFile; fileRef = 2367793A263978B30046CA60 /* StructRow.swift */; };
		237E7DD12677567D009FCC07 /* NewOplVC.swift in Sources */ = {isa = PBXBuildFile; fileRef = 237E7DD02677567D009FCC07 /* NewOplVC.swift */; };
		23805D4F26502D67002299F0 /* StartVC.swift in Sources */ = {isa = PBXBuildFile; fileRef = 23805D4E26502D67002299F0 /* StartVC.swift */; };
		23819C982647DB1A006FF334 /* DatePopupVC.swift in Sources */ = {isa = PBXBuildFile; fileRef = 23819C972647DB1A006FF334 /* DatePopupVC.swift */; };
		23819C9A26480482006FF334 /* StructFilter.swift in Sources */ = {isa = PBXBuildFile; fileRef = 23819C9926480481006FF334 /* StructFilter.swift */; };
		23819C9C26494018006FF334 /* PosrPopUpVC.swift in Sources */ = {isa = PBXBuildFile; fileRef = 23819C9B26494018006FF334 /* PosrPopUpVC.swift */; };
		23819C9E2649402F006FF334 /* FirmPopUpVC.swift in Sources */ = {isa = PBXBuildFile; fileRef = 23819C9D2649402F006FF334 /* FirmPopUpVC.swift */; };
		23AF2ECD2635A3850065035F /* AppDelegate.swift in Sources */ = {isa = PBXBuildFile; fileRef = 23AF2ECC2635A3850065035F /* AppDelegate.swift */; };
		23AF2ECF2635A3850065035F /* SceneDelegate.swift in Sources */ = {isa = PBXBuildFile; fileRef = 23AF2ECE2635A3850065035F /* SceneDelegate.swift */; };
		23AF2ED12635A3850065035F /* MainVC.swift in Sources */ = {isa = PBXBuildFile; fileRef = 23AF2ED02635A3850065035F /* MainVC.swift */; };
		23AF2ED42635A3850065035F /* Main.storyboard in Resources */ = {isa = PBXBuildFile; fileRef = 23AF2ED22635A3850065035F /* Main.storyboard */; };
		23AF2ED62635A38B0065035F /* Assets.xcassets in Resources */ = {isa = PBXBuildFile; fileRef = 23AF2ED52635A38B0065035F /* Assets.xcassets */; };
		23AF2ED92635A38B0065035F /* LaunchScreen.storyboard in Resources */ = {isa = PBXBuildFile; fileRef = 23AF2ED72635A38B0065035F /* LaunchScreen.storyboard */; };
		23BB1C362664F96600749964 /* TODO.rtf in Resources */ = {isa = PBXBuildFile; fileRef = 23BB1C352664F96600749964 /* TODO.rtf */; };
		23CCB807265547DE003DC475 /* ApiService.swift in Sources */ = {isa = PBXBuildFile; fileRef = 23CCB806265547DE003DC475 /* ApiService.swift */; };
		23CCB8092656C42A003DC475 /* DesignableView.swift in Sources */ = {isa = PBXBuildFile; fileRef = 23CCB8082656C42A003DC475 /* DesignableView.swift */; };
		23F3CA3B264FB4D400DC2A96 /* LoginVC.swift in Sources */ = {isa = PBXBuildFile; fileRef = 23F3CA3A264FB4D400DC2A96 /* LoginVC.swift */; };
		23F3CA3D264FC02600DC2A96 /* StructLogin.swift in Sources */ = {isa = PBXBuildFile; fileRef = 23F3CA3C264FC02600DC2A96 /* StructLogin.swift */; };
		23FE4F742670FAB10056EDFA /* HistoryTVC.swift in Sources */ = {isa = PBXBuildFile; fileRef = 23FE4F732670FAB10056EDFA /* HistoryTVC.swift */; };
		23FE4F782675076D0056EDFA /* Progress.swift in Sources */ = {isa = PBXBuildFile; fileRef = 23FE4F772675076D0056EDFA /* Progress.swift */; };
/* End PBXBuildFile section */

/* Begin PBXFileReference section */
		13EB02BEC6AD0E0AD07A71FE /* Pods-Kontur.Frut.1.release.xcconfig */ = {isa = PBXFileReference; includeInIndex = 1; lastKnownFileType = text.xcconfig; name = "Pods-Kontur.Frut.1.release.xcconfig"; path = "Target Support Files/Pods-Kontur.Frut.1/Pods-Kontur.Frut.1.release.xcconfig"; sourceTree = "<group>"; };
		230D39F4267B93710058148B /* Posrednik.swift */ = {isa = PBXFileReference; lastKnownFileType = sourcecode.swift; path = Posrednik.swift; sourceTree = "<group>"; };
		230D39F8267B9E850058148B /* MyArray.swift */ = {isa = PBXFileReference; fileEncoding = 4; lastKnownFileType = sourcecode.swift; path = MyArray.swift; sourceTree = "<group>"; };
		230D39FA267BA85D0058148B /* Contragent.swift */ = {isa = PBXFileReference; fileEncoding = 4; lastKnownFileType = sourcecode.swift; path = Contragent.swift; sourceTree = "<group>"; };
		230D39FB267BA85D0058148B /* Firma.swift */ = {isa = PBXFileReference; fileEncoding = 4; lastKnownFileType = sourcecode.swift; path = Firma.swift; sourceTree = "<group>"; };
		230D39FE267BAC3D0058148B /* Naznach.swift */ = {isa = PBXFileReference; fileEncoding = 4; lastKnownFileType = sourcecode.swift; path = Naznach.swift; sourceTree = "<group>"; };
		230D3A00268081840058148B /* Oplata.swift */ = {isa = PBXFileReference; lastKnownFileType = sourcecode.swift; path = Oplata.swift; sourceTree = "<group>"; };
		230F81E8263BE33D00F2E925 /* DetailsVC.swift */ = {isa = PBXFileReference; lastKnownFileType = sourcecode.swift; path = DetailsVC.swift; sourceTree = "<group>"; };
		230F81EC263C58FC00F2E925 /* TableViewCell.swift */ = {isa = PBXFileReference; lastKnownFileType = sourcecode.swift; path = TableViewCell.swift; sourceTree = "<group>"; };
		230F81ED263C58FC00F2E925 /* TableViewCell.xib */ = {isa = PBXFileReference; lastKnownFileType = file.xib; path = TableViewCell.xib; sourceTree = "<group>"; };
		230F81F22640023C00F2E925 /* HttpRequest.swift */ = {isa = PBXFileReference; lastKnownFileType = sourcecode.swift; path = HttpRequest.swift; sourceTree = "<group>"; };
		233ABC6D268D0269009D1CA9 /* PostImage.swift */ = {isa = PBXFileReference; lastKnownFileType = sourcecode.swift; path = PostImage.swift; sourceTree = "<group>"; };
		233ABC6F2691C236009D1CA9 /* PictOrderVC.swift */ = {isa = PBXFileReference; lastKnownFileType = sourcecode.swift; path = PictOrderVC.swift; sourceTree = "<group>"; };
		2367793A263978B30046CA60 /* StructRow.swift */ = {isa = PBXFileReference; lastKnownFileType = sourcecode.swift; path = StructRow.swift; sourceTree = "<group>"; };
		237E7DD02677567D009FCC07 /* NewOplVC.swift */ = {isa = PBXFileReference; lastKnownFileType = sourcecode.swift; path = NewOplVC.swift; sourceTree = "<group>"; };
		23805D4E26502D67002299F0 /* StartVC.swift */ = {isa = PBXFileReference; lastKnownFileType = sourcecode.swift; path = StartVC.swift; sourceTree = "<group>"; };
		23819C972647DB1A006FF334 /* DatePopupVC.swift */ = {isa = PBXFileReference; lastKnownFileType = sourcecode.swift; path = DatePopupVC.swift; sourceTree = "<group>"; };
		23819C9926480481006FF334 /* StructFilter.swift */ = {isa = PBXFileReference; lastKnownFileType = sourcecode.swift; path = StructFilter.swift; sourceTree = "<group>"; };
		23819C9B26494018006FF334 /* PosrPopUpVC.swift */ = {isa = PBXFileReference; lastKnownFileType = sourcecode.swift; path = PosrPopUpVC.swift; sourceTree = "<group>"; };
		23819C9D2649402F006FF334 /* FirmPopUpVC.swift */ = {isa = PBXFileReference; lastKnownFileType = sourcecode.swift; path = FirmPopUpVC.swift; sourceTree = "<group>"; };
		23AF2EC92635A3850065035F /* Kontur.Frut.1.app */ = {isa = PBXFileReference; explicitFileType = wrapper.application; includeInIndex = 0; path = Kontur.Frut.1.app; sourceTree = BUILT_PRODUCTS_DIR; };
		23AF2ECC2635A3850065035F /* AppDelegate.swift */ = {isa = PBXFileReference; lastKnownFileType = sourcecode.swift; path = AppDelegate.swift; sourceTree = "<group>"; };
		23AF2ECE2635A3850065035F /* SceneDelegate.swift */ = {isa = PBXFileReference; lastKnownFileType = sourcecode.swift; path = SceneDelegate.swift; sourceTree = "<group>"; };
		23AF2ED02635A3850065035F /* MainVC.swift */ = {isa = PBXFileReference; lastKnownFileType = sourcecode.swift; path = MainVC.swift; sourceTree = "<group>"; };
		23AF2ED32635A3850065035F /* Base */ = {isa = PBXFileReference; lastKnownFileType = file.storyboard; name = Base; path = Base.lproj/Main.storyboard; sourceTree = "<group>"; };
		23AF2ED52635A38B0065035F /* Assets.xcassets */ = {isa = PBXFileReference; lastKnownFileType = folder.assetcatalog; path = Assets.xcassets; sourceTree = "<group>"; };
		23AF2ED82635A38B0065035F /* Base */ = {isa = PBXFileReference; lastKnownFileType = file.storyboard; name = Base; path = Base.lproj/LaunchScreen.storyboard; sourceTree = "<group>"; };
		23AF2EDA2635A38B0065035F /* Info.plist */ = {isa = PBXFileReference; lastKnownFileType = text.plist.xml; path = Info.plist; sourceTree = "<group>"; };
		23BB1C352664F96600749964 /* TODO.rtf */ = {isa = PBXFileReference; lastKnownFileType = text.rtf; path = TODO.rtf; sourceTree = "<group>"; };
		23CCB806265547DE003DC475 /* ApiService.swift */ = {isa = PBXFileReference; lastKnownFileType = sourcecode.swift; path = ApiService.swift; sourceTree = "<group>"; };
		23CCB8082656C42A003DC475 /* DesignableView.swift */ = {isa = PBXFileReference; lastKnownFileType = sourcecode.swift; path = DesignableView.swift; sourceTree = "<group>"; };
		23F3CA3A264FB4D400DC2A96 /* LoginVC.swift */ = {isa = PBXFileReference; lastKnownFileType = sourcecode.swift; path = LoginVC.swift; sourceTree = "<group>"; };
		23F3CA3C264FC02600DC2A96 /* StructLogin.swift */ = {isa = PBXFileReference; lastKnownFileType = sourcecode.swift; path = StructLogin.swift; sourceTree = "<group>"; };
		23FE4F732670FAB10056EDFA /* HistoryTVC.swift */ = {isa = PBXFileReference; lastKnownFileType = sourcecode.swift; path = HistoryTVC.swift; sourceTree = "<group>"; };
		23FE4F772675076D0056EDFA /* Progress.swift */ = {isa = PBXFileReference; lastKnownFileType = sourcecode.swift; path = Progress.swift; sourceTree = "<group>"; };
		30AF9F90992FA344E54CF7CC /* Pods_Kontur_Frut_1.framework */ = {isa = PBXFileReference; explicitFileType = wrapper.framework; includeInIndex = 0; path = Pods_Kontur_Frut_1.framework; sourceTree = BUILT_PRODUCTS_DIR; };
		54749F044CD3957E2B27DCD6 /* Pods-Kontur.Frut.1.debug.xcconfig */ = {isa = PBXFileReference; includeInIndex = 1; lastKnownFileType = text.xcconfig; name = "Pods-Kontur.Frut.1.debug.xcconfig"; path = "Target Support Files/Pods-Kontur.Frut.1/Pods-Kontur.Frut.1.debug.xcconfig"; sourceTree = "<group>"; };
/* End PBXFileReference section */

/* Begin PBXFrameworksBuildPhase section */
		23AF2EC62635A3840065035F /* Frameworks */ = {
			isa = PBXFrameworksBuildPhase;
			buildActionMask = 2147483647;
			files = (
				0DA97636845160450AB8DF56 /* Pods_Kontur_Frut_1.framework in Frameworks */,
			);
			runOnlyForDeploymentPostprocessing = 0;
		};
/* End PBXFrameworksBuildPhase section */

/* Begin PBXGroup section */
		230F81F1264001E700F2E925 /* Tools */ = {
			isa = PBXGroup;
			children = (
				230D39F8267B9E850058148B /* MyArray.swift */,
				230F81F22640023C00F2E925 /* HttpRequest.swift */,
				23CCB806265547DE003DC475 /* ApiService.swift */,
				23FE4F772675076D0056EDFA /* Progress.swift */,
				233ABC6D268D0269009D1CA9 /* PostImage.swift */,
			);
			path = Tools;
			sourceTree = "<group>";
		};
		23805D4C26502755002299F0 /* ViewControllers */ = {
			isa = PBXGroup;
			children = (
				23805D4E26502D67002299F0 /* StartVC.swift */,
				23AF2ED02635A3850065035F /* MainVC.swift */,
				230F81E8263BE33D00F2E925 /* DetailsVC.swift */,
				23819C972647DB1A006FF334 /* DatePopupVC.swift */,
				23819C9B26494018006FF334 /* PosrPopUpVC.swift */,
				23819C9D2649402F006FF334 /* FirmPopUpVC.swift */,
				23F3CA3A264FB4D400DC2A96 /* LoginVC.swift */,
				23FE4F732670FAB10056EDFA /* HistoryTVC.swift */,
				237E7DD02677567D009FCC07 /* NewOplVC.swift */,
				233ABC6F2691C236009D1CA9 /* PictOrderVC.swift */,
			);
			path = ViewControllers;
			sourceTree = "<group>";
		};
		23805D4D26502869002299F0 /* Models */ = {
			isa = PBXGroup;
			children = (
				230D39FE267BAC3D0058148B /* Naznach.swift */,
				230D39FA267BA85D0058148B /* Contragent.swift */,
				230D39FB267BA85D0058148B /* Firma.swift */,
				2367793A263978B30046CA60 /* StructRow.swift */,
				23819C9926480481006FF334 /* StructFilter.swift */,
				23F3CA3C264FC02600DC2A96 /* StructLogin.swift */,
				230D39F4267B93710058148B /* Posrednik.swift */,
				230D3A00268081840058148B /* Oplata.swift */,
			);
			path = Models;
			sourceTree = "<group>";
		};
		23AF2EC02635A3840065035F = {
			isa = PBXGroup;
			children = (
				23BB1C342664F91D00749964 /* Docs */,
				23AF2ECB2635A3850065035F /* Kontur.Frut.1 */,
				23AF2ECA2635A3850065035F /* Products */,
				932B50939D81BD5D1CBA960F /* Pods */,
				CBA95E7B5181A1F287096984 /* Frameworks */,
			);
			sourceTree = "<group>";
		};
		23AF2ECA2635A3850065035F /* Products */ = {
			isa = PBXGroup;
			children = (
				23AF2EC92635A3850065035F /* Kontur.Frut.1.app */,
			);
			name = Products;
			sourceTree = "<group>";
		};
		23AF2ECB2635A3850065035F /* Kontur.Frut.1 */ = {
			isa = PBXGroup;
			children = (
				23AF2ED52635A38B0065035F /* Assets.xcassets */,
				23AF2ED22635A3850065035F /* Main.storyboard */,
				230F81EC263C58FC00F2E925 /* TableViewCell.swift */,
				230F81ED263C58FC00F2E925 /* TableViewCell.xib */,
				23805D4D26502869002299F0 /* Models */,
				23805D4C26502755002299F0 /* ViewControllers */,
				230F81F1264001E700F2E925 /* Tools */,
				23AF2ECC2635A3850065035F /* AppDelegate.swift */,
				23AF2ECE2635A3850065035F /* SceneDelegate.swift */,
				23AF2ED72635A38B0065035F /* LaunchScreen.storyboard */,
				23AF2EDA2635A38B0065035F /* Info.plist */,
				23CCB8082656C42A003DC475 /* DesignableView.swift */,
			);
			path = Kontur.Frut.1;
			sourceTree = "<group>";
		};
		23BB1C342664F91D00749964 /* Docs */ = {
			isa = PBXGroup;
			children = (
				23BB1C352664F96600749964 /* TODO.rtf */,
			);
			path = Docs;
			sourceTree = "<group>";
		};
		932B50939D81BD5D1CBA960F /* Pods */ = {
			isa = PBXGroup;
			children = (
				54749F044CD3957E2B27DCD6 /* Pods-Kontur.Frut.1.debug.xcconfig */,
				13EB02BEC6AD0E0AD07A71FE /* Pods-Kontur.Frut.1.release.xcconfig */,
			);
			path = Pods;
			sourceTree = "<group>";
		};
		CBA95E7B5181A1F287096984 /* Frameworks */ = {
			isa = PBXGroup;
			children = (
				30AF9F90992FA344E54CF7CC /* Pods_Kontur_Frut_1.framework */,
			);
			name = Frameworks;
			sourceTree = "<group>";
		};
/* End PBXGroup section */

/* Begin PBXNativeTarget section */
		23AF2EC82635A3840065035F /* Kontur.Frut.1 */ = {
			isa = PBXNativeTarget;
			buildConfigurationList = 23AF2EDD2635A38B0065035F /* Build configuration list for PBXNativeTarget "Kontur.Frut.1" */;
			buildPhases = (
				B837260AB9F65C33EE650326 /* [CP] Check Pods Manifest.lock */,
				23AF2EC52635A3840065035F /* Sources */,
				23AF2EC62635A3840065035F /* Frameworks */,
				23AF2EC72635A3840065035F /* Resources */,
				11F68D3A77CC7B3DDB02C955 /* [CP] Embed Pods Frameworks */,
			);
			buildRules = (
			);
			dependencies = (
			);
			name = Kontur.Frut.1;
			productName = Kontur.Frut.1;
			productReference = 23AF2EC92635A3850065035F /* Kontur.Frut.1.app */;
			productType = "com.apple.product-type.application";
		};
/* End PBXNativeTarget section */

/* Begin PBXProject section */
		23AF2EC12635A3840065035F /* Project object */ = {
			isa = PBXProject;
			attributes = {
				LastSwiftUpdateCheck = 1240;
				LastUpgradeCheck = 1240;
				ORGANIZATIONNAME = "ООО \"Ультра Зум\"";
				TargetAttributes = {
					23AF2EC82635A3840065035F = {
						CreatedOnToolsVersion = 12.4;
					};
				};
			};
			buildConfigurationList = 23AF2EC42635A3840065035F /* Build configuration list for PBXProject "Kontur.Frut.1" */;
			compatibilityVersion = "Xcode 9.3";
			developmentRegion = en;
			hasScannedForEncodings = 0;
			knownRegions = (
				en,
				Base,
			);
			mainGroup = 23AF2EC02635A3840065035F;
			productRefGroup = 23AF2ECA2635A3850065035F /* Products */;
			projectDirPath = "";
			projectRoot = "";
			targets = (
				23AF2EC82635A3840065035F /* Kontur.Frut.1 */,
			);
		};
/* End PBXProject section */

/* Begin PBXResourcesBuildPhase section */
		23AF2EC72635A3840065035F /* Resources */ = {
			isa = PBXResourcesBuildPhase;
			buildActionMask = 2147483647;
			files = (
				23BB1C362664F96600749964 /* TODO.rtf in Resources */,
				23AF2ED92635A38B0065035F /* LaunchScreen.storyboard in Resources */,
				230F81EF263C58FC00F2E925 /* TableViewCell.xib in Resources */,
				23AF2ED62635A38B0065035F /* Assets.xcassets in Resources */,
				23AF2ED42635A3850065035F /* Main.storyboard in Resources */,
			);
			runOnlyForDeploymentPostprocessing = 0;
		};
/* End PBXResourcesBuildPhase section */

/* Begin PBXShellScriptBuildPhase section */
		11F68D3A77CC7B3DDB02C955 /* [CP] Embed Pods Frameworks */ = {
			isa = PBXShellScriptBuildPhase;
			buildActionMask = 2147483647;
			files = (
			);
			inputFileListPaths = (
				"${PODS_ROOT}/Target Support Files/Pods-Kontur.Frut.1/Pods-Kontur.Frut.1-frameworks-${CONFIGURATION}-input-files.xcfilelist",
			);
			name = "[CP] Embed Pods Frameworks";
			outputFileListPaths = (
				"${PODS_ROOT}/Target Support Files/Pods-Kontur.Frut.1/Pods-Kontur.Frut.1-frameworks-${CONFIGURATION}-output-files.xcfilelist",
			);
			runOnlyForDeploymentPostprocessing = 0;
			shellPath = /bin/sh;
			shellScript = "\"${PODS_ROOT}/Target Support Files/Pods-Kontur.Frut.1/Pods-Kontur.Frut.1-frameworks.sh\"\n";
			showEnvVarsInLog = 0;
		};
		B837260AB9F65C33EE650326 /* [CP] Check Pods Manifest.lock */ = {
			isa = PBXShellScriptBuildPhase;
			buildActionMask = 2147483647;
			files = (
			);
			inputFileListPaths = (
			);
			inputPaths = (
				"${PODS_PODFILE_DIR_PATH}/Podfile.lock",
				"${PODS_ROOT}/Manifest.lock",
			);
			name = "[CP] Check Pods Manifest.lock";
			outputFileListPaths = (
			);
			outputPaths = (
				"$(DERIVED_FILE_DIR)/Pods-Kontur.Frut.1-checkManifestLockResult.txt",
			);
			runOnlyForDeploymentPostprocessing = 0;
			shellPath = /bin/sh;
			shellScript = "diff \"${PODS_PODFILE_DIR_PATH}/Podfile.lock\" \"${PODS_ROOT}/Manifest.lock\" > /dev/null\nif [ $? != 0 ] ; then\n    # print error to STDERR\n    echo \"error: The sandbox is not in sync with the Podfile.lock. Run 'pod install' or update your CocoaPods installation.\" >&2\n    exit 1\nfi\n# This output is used by Xcode 'outputs' to avoid re-running this script phase.\necho \"SUCCESS\" > \"${SCRIPT_OUTPUT_FILE_0}\"\n";
			showEnvVarsInLog = 0;
		};
/* End PBXShellScriptBuildPhase section */

/* Begin PBXSourcesBuildPhase section */
		23AF2EC52635A3840065035F /* Sources */ = {
			isa = PBXSourcesBuildPhase;
			buildActionMask = 2147483647;
			files = (
				23FE4F782675076D0056EDFA /* Progress.swift in Sources */,
				23F3CA3B264FB4D400DC2A96 /* LoginVC.swift in Sources */,
				23AF2ED12635A3850065035F /* MainVC.swift in Sources */,
				23819C982647DB1A006FF334 /* DatePopupVC.swift in Sources */,
				230D39F9267B9E850058148B /* MyArray.swift in Sources */,
				237E7DD12677567D009FCC07 /* NewOplVC.swift in Sources */,
				230D39F5267B93720058148B /* Posrednik.swift in Sources */,
				23CCB807265547DE003DC475 /* ApiService.swift in Sources */,
				23AF2ECD2635A3850065035F /* AppDelegate.swift in Sources */,
				23FE4F742670FAB10056EDFA /* HistoryTVC.swift in Sources */,
				23AF2ECF2635A3850065035F /* SceneDelegate.swift in Sources */,
				23819C9A26480482006FF334 /* StructFilter.swift in Sources */,
				233ABC702691C237009D1CA9 /* PictOrderVC.swift in Sources */,
				23819C9E2649402F006FF334 /* FirmPopUpVC.swift in Sources */,
				23CCB8092656C42A003DC475 /* DesignableView.swift in Sources */,
				23819C9C26494018006FF334 /* PosrPopUpVC.swift in Sources */,
				230F81EE263C58FC00F2E925 /* TableViewCell.swift in Sources */,
				23F3CA3D264FC02600DC2A96 /* StructLogin.swift in Sources */,
				2367793B263978B30046CA60 /* StructRow.swift in Sources */,
				23805D4F26502D67002299F0 /* StartVC.swift in Sources */,
				233ABC6E268D026C009D1CA9 /* PostImage.swift in Sources */,
				230D39FF267BAC3D0058148B /* Naznach.swift in Sources */,
				230F81F32640023E00F2E925 /* HttpRequest.swift in Sources */,
				230D39FC267BA85D0058148B /* Contragent.swift in Sources */,
				230F81E9263BE33D00F2E925 /* DetailsVC.swift in Sources */,
				230D39FD267BA85D0058148B /* Firma.swift in Sources */,
				230D3A01268081840058148B /* Oplata.swift in Sources */,
			);
			runOnlyForDeploymentPostprocessing = 0;
		};
/* End PBXSourcesBuildPhase section */

/* Begin PBXVariantGroup section */
		23AF2ED22635A3850065035F /* Main.storyboard */ = {
			isa = PBXVariantGroup;
			children = (
				23AF2ED32635A3850065035F /* Base */,
			);
			name = Main.storyboard;
			sourceTree = "<group>";
		};
		23AF2ED72635A38B0065035F /* LaunchScreen.storyboard */ = {
			isa = PBXVariantGroup;
			children = (
				23AF2ED82635A38B0065035F /* Base */,
			);
			name = LaunchScreen.storyboard;
			sourceTree = "<group>";
		};
/* End PBXVariantGroup section */

/* Begin XCBuildConfiguration section */
		23AF2EDB2635A38B0065035F /* Debug */ = {
			isa = XCBuildConfiguration;
			buildSettings = {
				ALWAYS_SEARCH_USER_PATHS = NO;
				CLANG_ANALYZER_NONNULL = YES;
				CLANG_ANALYZER_NUMBER_OBJECT_CONVERSION = YES_AGGRESSIVE;
				CLANG_CXX_LANGUAGE_STANDARD = "gnu++14";
				CLANG_CXX_LIBRARY = "libc++";
				CLANG_ENABLE_MODULES = YES;
				CLANG_ENABLE_OBJC_ARC = YES;
				CLANG_ENABLE_OBJC_WEAK = YES;
				CLANG_WARN_BLOCK_CAPTURE_AUTORELEASING = YES;
				CLANG_WARN_BOOL_CONVERSION = YES;
				CLANG_WARN_COMMA = YES;
				CLANG_WARN_CONSTANT_CONVERSION = YES;
				CLANG_WARN_DEPRECATED_OBJC_IMPLEMENTATIONS = YES;
				CLANG_WARN_DIRECT_OBJC_ISA_USAGE = YES_ERROR;
				CLANG_WARN_DOCUMENTATION_COMMENTS = YES;
				CLANG_WARN_EMPTY_BODY = YES;
				CLANG_WARN_ENUM_CONVERSION = YES;
				CLANG_WARN_INFINITE_RECURSION = YES;
				CLANG_WARN_INT_CONVERSION = YES;
				CLANG_WARN_NON_LITERAL_NULL_CONVERSION = YES;
				CLANG_WARN_OBJC_IMPLICIT_RETAIN_SELF = YES;
				CLANG_WARN_OBJC_LITERAL_CONVERSION = YES;
				CLANG_WARN_OBJC_ROOT_CLASS = YES_ERROR;
				CLANG_WARN_QUOTED_INCLUDE_IN_FRAMEWORK_HEADER = YES;
				CLANG_WARN_RANGE_LOOP_ANALYSIS = YES;
				CLANG_WARN_STRICT_PROTOTYPES = YES;
				CLANG_WARN_SUSPICIOUS_MOVE = YES;
				CLANG_WARN_UNGUARDED_AVAILABILITY = YES_AGGRESSIVE;
				CLANG_WARN_UNREACHABLE_CODE = YES;
				CLANG_WARN__DUPLICATE_METHOD_MATCH = YES;
				COPY_PHASE_STRIP = NO;
				DEBUG_INFORMATION_FORMAT = dwarf;
				ENABLE_STRICT_OBJC_MSGSEND = YES;
				ENABLE_TESTABILITY = YES;
				GCC_C_LANGUAGE_STANDARD = gnu11;
				GCC_DYNAMIC_NO_PIC = NO;
				GCC_NO_COMMON_BLOCKS = YES;
				GCC_OPTIMIZATION_LEVEL = 0;
				GCC_PREPROCESSOR_DEFINITIONS = (
					"DEBUG=1",
					"$(inherited)",
				);
				GCC_WARN_64_TO_32_BIT_CONVERSION = YES;
				GCC_WARN_ABOUT_RETURN_TYPE = YES_ERROR;
				GCC_WARN_UNDECLARED_SELECTOR = YES;
				GCC_WARN_UNINITIALIZED_AUTOS = YES_AGGRESSIVE;
				GCC_WARN_UNUSED_FUNCTION = YES;
				GCC_WARN_UNUSED_VARIABLE = YES;
				IPHONEOS_DEPLOYMENT_TARGET = 14.5;
				MTL_ENABLE_DEBUG_INFO = INCLUDE_SOURCE;
				MTL_FAST_MATH = YES;
				ONLY_ACTIVE_ARCH = YES;
				SDKROOT = iphoneos;
				SWIFT_ACTIVE_COMPILATION_CONDITIONS = DEBUG;
				SWIFT_OPTIMIZATION_LEVEL = "-Onone";
			};
			name = Debug;
		};
		23AF2EDC2635A38B0065035F /* Release */ = {
			isa = XCBuildConfiguration;
			buildSettings = {
				ALWAYS_SEARCH_USER_PATHS = NO;
				CLANG_ANALYZER_NONNULL = YES;
				CLANG_ANALYZER_NUMBER_OBJECT_CONVERSION = YES_AGGRESSIVE;
				CLANG_CXX_LANGUAGE_STANDARD = "gnu++14";
				CLANG_CXX_LIBRARY = "libc++";
				CLANG_ENABLE_MODULES = YES;
				CLANG_ENABLE_OBJC_ARC = YES;
				CLANG_ENABLE_OBJC_WEAK = YES;
				CLANG_WARN_BLOCK_CAPTURE_AUTORELEASING = YES;
				CLANG_WARN_BOOL_CONVERSION = YES;
				CLANG_WARN_COMMA = YES;
				CLANG_WARN_CONSTANT_CONVERSION = YES;
				CLANG_WARN_DEPRECATED_OBJC_IMPLEMENTATIONS = YES;
				CLANG_WARN_DIRECT_OBJC_ISA_USAGE = YES_ERROR;
				CLANG_WARN_DOCUMENTATION_COMMENTS = YES;
				CLANG_WARN_EMPTY_BODY = YES;
				CLANG_WARN_ENUM_CONVERSION = YES;
				CLANG_WARN_INFINITE_RECURSION = YES;
				CLANG_WARN_INT_CONVERSION = YES;
				CLANG_WARN_NON_LITERAL_NULL_CONVERSION = YES;
				CLANG_WARN_OBJC_IMPLICIT_RETAIN_SELF = YES;
				CLANG_WARN_OBJC_LITERAL_CONVERSION = YES;
				CLANG_WARN_OBJC_ROOT_CLASS = YES_ERROR;
				CLANG_WARN_QUOTED_INCLUDE_IN_FRAMEWORK_HEADER = YES;
				CLANG_WARN_RANGE_LOOP_ANALYSIS = YES;
				CLANG_WARN_STRICT_PROTOTYPES = YES;
				CLANG_WARN_SUSPICIOUS_MOVE = YES;
				CLANG_WARN_UNGUARDED_AVAILABILITY = YES_AGGRESSIVE;
				CLANG_WARN_UNREACHABLE_CODE = YES;
				CLANG_WARN__DUPLICATE_METHOD_MATCH = YES;
				COPY_PHASE_STRIP = NO;
				DEBUG_INFORMATION_FORMAT = "dwarf-with-dsym";
				ENABLE_NS_ASSERTIONS = NO;
				ENABLE_STRICT_OBJC_MSGSEND = YES;
				GCC_C_LANGUAGE_STANDARD = gnu11;
				GCC_NO_COMMON_BLOCKS = YES;
				GCC_WARN_64_TO_32_BIT_CONVERSION = YES;
				GCC_WARN_ABOUT_RETURN_TYPE = YES_ERROR;
				GCC_WARN_UNDECLARED_SELECTOR = YES;
				GCC_WARN_UNINITIALIZED_AUTOS = YES_AGGRESSIVE;
				GCC_WARN_UNUSED_FUNCTION = YES;
				GCC_WARN_UNUSED_VARIABLE = YES;
				IPHONEOS_DEPLOYMENT_TARGET = 14.5;
				MTL_ENABLE_DEBUG_INFO = NO;
				MTL_FAST_MATH = YES;
				ONLY_ACTIVE_ARCH = YES;
				SDKROOT = iphoneos;
				SWIFT_COMPILATION_MODE = wholemodule;
				SWIFT_OPTIMIZATION_LEVEL = "-O";
				VALIDATE_PRODUCT = YES;
			};
			name = Release;
		};
		23AF2EDE2635A38B0065035F /* Debug */ = {
			isa = XCBuildConfiguration;
			baseConfigurationReference = 54749F044CD3957E2B27DCD6 /* Pods-Kontur.Frut.1.debug.xcconfig */;
			buildSettings = {
				ASSETCATALOG_COMPILER_APPICON_NAME = AppIcon;
				ASSETCATALOG_COMPILER_GLOBAL_ACCENT_COLOR_NAME = AccentColor;
				CODE_SIGN_STYLE = Automatic;
				CURRENT_PROJECT_VERSION = 19;
				DEVELOPMENT_TEAM = QQB4FNYPXN;
				INFOPLIST_FILE = Kontur.Frut.1/Info.plist;
				IPHONEOS_DEPLOYMENT_TARGET = 14.5;
				LD_RUNPATH_SEARCH_PATHS = (
					"$(inherited)",
					"@executable_path/Frameworks",
				);
				MARKETING_VERSION = 3.2;
				PRODUCT_BUNDLE_IDENTIFIER = "uz.Kontur-Frut-1";
				PRODUCT_NAME = "$(TARGET_NAME)";
				SWIFT_VERSION = 5.0;
				TARGETED_DEVICE_FAMILY = 1;
			};
			name = Debug;
		};
		23AF2EDF2635A38B0065035F /* Release */ = {
			isa = XCBuildConfiguration;
			baseConfigurationReference = 13EB02BEC6AD0E0AD07A71FE /* Pods-Kontur.Frut.1.release.xcconfig */;
			buildSettings = {
				ASSETCATALOG_COMPILER_APPICON_NAME = AppIcon;
				ASSETCATALOG_COMPILER_GLOBAL_ACCENT_COLOR_NAME = AccentColor;
				CODE_SIGN_STYLE = Automatic;
				CURRENT_PROJECT_VERSION = 19;
				DEVELOPMENT_TEAM = QQB4FNYPXN;
				INFOPLIST_FILE = Kontur.Frut.1/Info.plist;
				IPHONEOS_DEPLOYMENT_TARGET = 14.5;
				LD_RUNPATH_SEARCH_PATHS = (
					"$(inherited)",
					"@executable_path/Frameworks",
				);
				MARKETING_VERSION = 3.2;
				PRODUCT_BUNDLE_IDENTIFIER = "uz.Kontur-Frut-1";
				PRODUCT_NAME = "$(TARGET_NAME)";
				SWIFT_VERSION = 5.0;
				TARGETED_DEVICE_FAMILY = 1;
			};
			name = Release;
		};
/* End XCBuildConfiguration section */

/* Begin XCConfigurationList section */
		23AF2EC42635A3840065035F /* Build configuration list for PBXProject "Kontur.Frut.1" */ = {
			isa = XCConfigurationList;
			buildConfigurations = (
				23AF2EDB2635A38B0065035F /* Debug */,
				23AF2EDC2635A38B0065035F /* Release */,
			);
			defaultConfigurationIsVisible = 0;
			defaultConfigurationName = Release;
		};
		23AF2EDD2635A38B0065035F /* Build configuration list for PBXNativeTarget "Kontur.Frut.1" */ = {
			isa = XCConfigurationList;
			buildConfigurations = (
				23AF2EDE2635A38B0065035F /* Debug */,
				23AF2EDF2635A38B0065035F /* Release */,
			);
			defaultConfigurationIsVisible = 0;
			defaultConfigurationName = Release;
		};
/* End XCConfigurationList section */
	};
	rootObject = 23AF2EC12635A3840065035F /* Project object */;
}
