// !$*UTF8*$!
{
	archiveVersion = 1;
	classes = {
	};
	objectVersion = 50;
	objects = {

/* Begin PBXBuildFile section */
		230F81E9263BE33D00F2E925 /* DetailsViewController.swift in Sources */ = {isa = PBXBuildFile; fileRef = 230F81E8263BE33D00F2E925 /* DetailsViewController.swift */; };
		230F81EE263C58FC00F2E925 /* TableViewCell.swift in Sources */ = {isa = PBXBuildFile; fileRef = 230F81EC263C58FC00F2E925 /* TableViewCell.swift */; };
		230F81EF263C58FC00F2E925 /* TableViewCell.xib in Resources */ = {isa = PBXBuildFile; fileRef = 230F81ED263C58FC00F2E925 /* TableViewCell.xib */; };
		230F81F32640023E00F2E925 /* HttpRequest.swift in Sources */ = {isa = PBXBuildFile; fileRef = 230F81F22640023C00F2E925 /* HttpRequest.swift */; };
		2367793B263978B30046CA60 /* StructRow.swift in Sources */ = {isa = PBXBuildFile; fileRef = 2367793A263978B30046CA60 /* StructRow.swift */; };
		23805D4F26502D67002299F0 /* StartVC.swift in Sources */ = {isa = PBXBuildFile; fileRef = 23805D4E26502D67002299F0 /* StartVC.swift */; };
		23819C982647DB1A006FF334 /* DatePopupViewController.swift in Sources */ = {isa = PBXBuildFile; fileRef = 23819C972647DB1A006FF334 /* DatePopupViewController.swift */; };
		23819C9A26480482006FF334 /* StructFilter.swift in Sources */ = {isa = PBXBuildFile; fileRef = 23819C9926480481006FF334 /* StructFilter.swift */; };
		23819C9C26494018006FF334 /* PosrPopUpViewController.swift in Sources */ = {isa = PBXBuildFile; fileRef = 23819C9B26494018006FF334 /* PosrPopUpViewController.swift */; };
		23819C9E2649402F006FF334 /* FirmPopUpViewController.swift in Sources */ = {isa = PBXBuildFile; fileRef = 23819C9D2649402F006FF334 /* FirmPopUpViewController.swift */; };
		23AF2ECD2635A3850065035F /* AppDelegate.swift in Sources */ = {isa = PBXBuildFile; fileRef = 23AF2ECC2635A3850065035F /* AppDelegate.swift */; };
		23AF2ECF2635A3850065035F /* SceneDelegate.swift in Sources */ = {isa = PBXBuildFile; fileRef = 23AF2ECE2635A3850065035F /* SceneDelegate.swift */; };
		23AF2ED12635A3850065035F /* MainViewController.swift in Sources */ = {isa = PBXBuildFile; fileRef = 23AF2ED02635A3850065035F /* MainViewController.swift */; };
		23AF2ED42635A3850065035F /* Main.storyboard in Resources */ = {isa = PBXBuildFile; fileRef = 23AF2ED22635A3850065035F /* Main.storyboard */; };
		23AF2ED62635A38B0065035F /* Assets.xcassets in Resources */ = {isa = PBXBuildFile; fileRef = 23AF2ED52635A38B0065035F /* Assets.xcassets */; };
		23AF2ED92635A38B0065035F /* LaunchScreen.storyboard in Resources */ = {isa = PBXBuildFile; fileRef = 23AF2ED72635A38B0065035F /* LaunchScreen.storyboard */; };
		23F3CA3B264FB4D400DC2A96 /* LoginVC.swift in Sources */ = {isa = PBXBuildFile; fileRef = 23F3CA3A264FB4D400DC2A96 /* LoginVC.swift */; };
		23F3CA3D264FC02600DC2A96 /* StructLogin.swift in Sources */ = {isa = PBXBuildFile; fileRef = 23F3CA3C264FC02600DC2A96 /* StructLogin.swift */; };
/* End PBXBuildFile section */

/* Begin PBXFileReference section */
		230F81E8263BE33D00F2E925 /* DetailsViewController.swift */ = {isa = PBXFileReference; lastKnownFileType = sourcecode.swift; path = DetailsViewController.swift; sourceTree = "<group>"; };
		230F81EC263C58FC00F2E925 /* TableViewCell.swift */ = {isa = PBXFileReference; lastKnownFileType = sourcecode.swift; path = TableViewCell.swift; sourceTree = "<group>"; };
		230F81ED263C58FC00F2E925 /* TableViewCell.xib */ = {isa = PBXFileReference; lastKnownFileType = file.xib; path = TableViewCell.xib; sourceTree = "<group>"; };
		230F81F22640023C00F2E925 /* HttpRequest.swift */ = {isa = PBXFileReference; lastKnownFileType = sourcecode.swift; path = HttpRequest.swift; sourceTree = "<group>"; };
		2367793A263978B30046CA60 /* StructRow.swift */ = {isa = PBXFileReference; lastKnownFileType = sourcecode.swift; path = StructRow.swift; sourceTree = "<group>"; };
		23805D4E26502D67002299F0 /* StartVC.swift */ = {isa = PBXFileReference; lastKnownFileType = sourcecode.swift; path = StartVC.swift; sourceTree = "<group>"; };
		23819C972647DB1A006FF334 /* DatePopupViewController.swift */ = {isa = PBXFileReference; lastKnownFileType = sourcecode.swift; path = DatePopupViewController.swift; sourceTree = "<group>"; };
		23819C9926480481006FF334 /* StructFilter.swift */ = {isa = PBXFileReference; lastKnownFileType = sourcecode.swift; path = StructFilter.swift; sourceTree = "<group>"; };
		23819C9B26494018006FF334 /* PosrPopUpViewController.swift */ = {isa = PBXFileReference; lastKnownFileType = sourcecode.swift; path = PosrPopUpViewController.swift; sourceTree = "<group>"; };
		23819C9D2649402F006FF334 /* FirmPopUpViewController.swift */ = {isa = PBXFileReference; lastKnownFileType = sourcecode.swift; path = FirmPopUpViewController.swift; sourceTree = "<group>"; };
		23AF2EC92635A3850065035F /* Kontur.Frut.1.app */ = {isa = PBXFileReference; explicitFileType = wrapper.application; includeInIndex = 0; path = Kontur.Frut.1.app; sourceTree = BUILT_PRODUCTS_DIR; };
		23AF2ECC2635A3850065035F /* AppDelegate.swift */ = {isa = PBXFileReference; lastKnownFileType = sourcecode.swift; path = AppDelegate.swift; sourceTree = "<group>"; };
		23AF2ECE2635A3850065035F /* SceneDelegate.swift */ = {isa = PBXFileReference; lastKnownFileType = sourcecode.swift; path = SceneDelegate.swift; sourceTree = "<group>"; };
		23AF2ED02635A3850065035F /* MainViewController.swift */ = {isa = PBXFileReference; lastKnownFileType = sourcecode.swift; path = MainViewController.swift; sourceTree = "<group>"; };
		23AF2ED32635A3850065035F /* Base */ = {isa = PBXFileReference; lastKnownFileType = file.storyboard; name = Base; path = Base.lproj/Main.storyboard; sourceTree = "<group>"; };
		23AF2ED52635A38B0065035F /* Assets.xcassets */ = {isa = PBXFileReference; lastKnownFileType = folder.assetcatalog; path = Assets.xcassets; sourceTree = "<group>"; };
		23AF2ED82635A38B0065035F /* Base */ = {isa = PBXFileReference; lastKnownFileType = file.storyboard; name = Base; path = Base.lproj/LaunchScreen.storyboard; sourceTree = "<group>"; };
		23AF2EDA2635A38B0065035F /* Info.plist */ = {isa = PBXFileReference; lastKnownFileType = text.plist.xml; path = Info.plist; sourceTree = "<group>"; };
		23F3CA3A264FB4D400DC2A96 /* LoginVC.swift */ = {isa = PBXFileReference; lastKnownFileType = sourcecode.swift; path = LoginVC.swift; sourceTree = "<group>"; };
		23F3CA3C264FC02600DC2A96 /* StructLogin.swift */ = {isa = PBXFileReference; lastKnownFileType = sourcecode.swift; path = StructLogin.swift; sourceTree = "<group>"; };
/* End PBXFileReference section */

/* Begin PBXFrameworksBuildPhase section */
		23AF2EC62635A3840065035F /* Frameworks */ = {
			isa = PBXFrameworksBuildPhase;
			buildActionMask = 2147483647;
			files = (
			);
			runOnlyForDeploymentPostprocessing = 0;
		};
/* End PBXFrameworksBuildPhase section */

/* Begin PBXGroup section */
		230F81F1264001E700F2E925 /* Tools */ = {
			isa = PBXGroup;
			children = (
				230F81F22640023C00F2E925 /* HttpRequest.swift */,
			);
			path = Tools;
			sourceTree = "<group>";
		};
		23805D4C26502755002299F0 /* ViewControllers */ = {
			isa = PBXGroup;
			children = (
				23805D4E26502D67002299F0 /* StartVC.swift */,
				23AF2ED02635A3850065035F /* MainViewController.swift */,
				230F81E8263BE33D00F2E925 /* DetailsViewController.swift */,
				23819C972647DB1A006FF334 /* DatePopupViewController.swift */,
				23819C9B26494018006FF334 /* PosrPopUpViewController.swift */,
				23819C9D2649402F006FF334 /* FirmPopUpViewController.swift */,
				23F3CA3A264FB4D400DC2A96 /* LoginVC.swift */,
			);
			path = ViewControllers;
			sourceTree = "<group>";
		};
		23805D4D26502869002299F0 /* Models */ = {
			isa = PBXGroup;
			children = (
				2367793A263978B30046CA60 /* StructRow.swift */,
				23819C9926480481006FF334 /* StructFilter.swift */,
				23F3CA3C264FC02600DC2A96 /* StructLogin.swift */,
			);
			path = Models;
			sourceTree = "<group>";
		};
		23AF2EC02635A3840065035F = {
			isa = PBXGroup;
			children = (
				23AF2ECB2635A3850065035F /* Kontur.Frut.1 */,
				23AF2ECA2635A3850065035F /* Products */,
			);
			sourceTree = "<group>";
		};
		23AF2ECA2635A3850065035F /* Products */ = {
			isa = PBXGroup;
			children = (
				23AF2EC92635A3850065035F /* Kontur.Frut.1.app */,
			);
			name = Products;
			sourceTree = "<group>";
		};
		23AF2ECB2635A3850065035F /* Kontur.Frut.1 */ = {
			isa = PBXGroup;
			children = (
				23AF2ED52635A38B0065035F /* Assets.xcassets */,
				23AF2ED22635A3850065035F /* Main.storyboard */,
				230F81EC263C58FC00F2E925 /* TableViewCell.swift */,
				230F81ED263C58FC00F2E925 /* TableViewCell.xib */,
				23805D4D26502869002299F0 /* Models */,
				23805D4C26502755002299F0 /* ViewControllers */,
				230F81F1264001E700F2E925 /* Tools */,
				23AF2ECC2635A3850065035F /* AppDelegate.swift */,
				23AF2ECE2635A3850065035F /* SceneDelegate.swift */,
				23AF2ED72635A38B0065035F /* LaunchScreen.storyboard */,
				23AF2EDA2635A38B0065035F /* Info.plist */,
			);
			path = Kontur.Frut.1;
			sourceTree = "<group>";
		};
/* End PBXGroup section */

/* Begin PBXNativeTarget section */
		23AF2EC82635A3840065035F /* Kontur.Frut.1 */ = {
			isa = PBXNativeTarget;
			buildConfigurationList = 23AF2EDD2635A38B0065035F /* Build configuration list for PBXNativeTarget "Kontur.Frut.1" */;
			buildPhases = (
				23AF2EC52635A3840065035F /* Sources */,
				23AF2EC62635A3840065035F /* Frameworks */,
				23AF2EC72635A3840065035F /* Resources */,
			);
			buildRules = (
			);
			dependencies = (
			);
			name = Kontur.Frut.1;
			productName = Kontur.Frut.1;
			productReference = 23AF2EC92635A3850065035F /* Kontur.Frut.1.app */;
			productType = "com.apple.product-type.application";
		};
/* End PBXNativeTarget section */

/* Begin PBXProject section */
		23AF2EC12635A3840065035F /* Project object */ = {
			isa = PBXProject;
			attributes = {
				LastSwiftUpdateCheck = 1240;
				LastUpgradeCheck = 1240;
				ORGANIZATIONNAME = "ООО \"Ультра Зум\"";
				TargetAttributes = {
					23AF2EC82635A3840065035F = {
						CreatedOnToolsVersion = 12.4;
					};
				};
			};
			buildConfigurationList = 23AF2EC42635A3840065035F /* Build configuration list for PBXProject "Kontur.Frut.1" */;
			compatibilityVersion = "Xcode 9.3";
			developmentRegion = en;
			hasScannedForEncodings = 0;
			knownRegions = (
				en,
				Base,
			);
			mainGroup = 23AF2EC02635A3840065035F;
			productRefGroup = 23AF2ECA2635A3850065035F /* Products */;
			projectDirPath = "";
			projectRoot = "";
			targets = (
				23AF2EC82635A3840065035F /* Kontur.Frut.1 */,
			);
		};
/* End PBXProject section */

/* Begin PBXResourcesBuildPhase section */
		23AF2EC72635A3840065035F /* Resources */ = {
			isa = PBXResourcesBuildPhase;
			buildActionMask = 2147483647;
			files = (
				23AF2ED92635A38B0065035F /* LaunchScreen.storyboard in Resources */,
				230F81EF263C58FC00F2E925 /* TableViewCell.xib in Resources */,
				23AF2ED62635A38B0065035F /* Assets.xcassets in Resources */,
				23AF2ED42635A3850065035F /* Main.storyboard in Resources */,
			);
			runOnlyForDeploymentPostprocessing = 0;
		};
/* End PBXResourcesBuildPhase section */

/* Begin PBXSourcesBuildPhase section */
		23AF2EC52635A3840065035F /* Sources */ = {
			isa = PBXSourcesBuildPhase;
			buildActionMask = 2147483647;
			files = (
				23F3CA3B264FB4D400DC2A96 /* LoginVC.swift in Sources */,
				23AF2ED12635A3850065035F /* MainViewController.swift in Sources */,
				23819C982647DB1A006FF334 /* DatePopupViewController.swift in Sources */,
				23AF2ECD2635A3850065035F /* AppDelegate.swift in Sources */,
				23AF2ECF2635A3850065035F /* SceneDelegate.swift in Sources */,
				23819C9A26480482006FF334 /* StructFilter.swift in Sources */,
				23819C9E2649402F006FF334 /* FirmPopUpViewController.swift in Sources */,
				23819C9C26494018006FF334 /* PosrPopUpViewController.swift in Sources */,
				230F81EE263C58FC00F2E925 /* TableViewCell.swift in Sources */,
				23F3CA3D264FC02600DC2A96 /* StructLogin.swift in Sources */,
				2367793B263978B30046CA60 /* StructRow.swift in Sources */,
				23805D4F26502D67002299F0 /* StartVC.swift in Sources */,
				230F81F32640023E00F2E925 /* HttpRequest.swift in Sources */,
				230F81E9263BE33D00F2E925 /* DetailsViewController.swift in Sources */,
			);
			runOnlyForDeploymentPostprocessing = 0;
		};
/* End PBXSourcesBuildPhase section */

/* Begin PBXVariantGroup section */
		23AF2ED22635A3850065035F /* Main.storyboard */ = {
			isa = PBXVariantGroup;
			children = (
				23AF2ED32635A3850065035F /* Base */,
			);
			name = Main.storyboard;
			sourceTree = "<group>";
		};
		23AF2ED72635A38B0065035F /* LaunchScreen.storyboard */ = {
			isa = PBXVariantGroup;
			children = (
				23AF2ED82635A38B0065035F /* Base */,
			);
			name = LaunchScreen.storyboard;
			sourceTree = "<group>";
		};
/* End PBXVariantGroup section */

/* Begin XCBuildConfiguration section */
		23AF2EDB2635A38B0065035F /* Debug */ = {
			isa = XCBuildConfiguration;
			buildSettings = {
				ALWAYS_SEARCH_USER_PATHS = NO;
				CLANG_ANALYZER_NONNULL = YES;
				CLANG_ANALYZER_NUMBER_OBJECT_CONVERSION = YES_AGGRESSIVE;
				CLANG_CXX_LANGUAGE_STANDARD = "gnu++14";
				CLANG_CXX_LIBRARY = "libc++";
				CLANG_ENABLE_MODULES = YES;
				CLANG_ENABLE_OBJC_ARC = YES;
				CLANG_ENABLE_OBJC_WEAK = YES;
				CLANG_WARN_BLOCK_CAPTURE_AUTORELEASING = YES;
				CLANG_WARN_BOOL_CONVERSION = YES;
				CLANG_WARN_COMMA = YES;
				CLANG_WARN_CONSTANT_CONVERSION = YES;
				CLANG_WARN_DEPRECATED_OBJC_IMPLEMENTATIONS = YES;
				CLANG_WARN_DIRECT_OBJC_ISA_USAGE = YES_ERROR;
				CLANG_WARN_DOCUMENTATION_COMMENTS = YES;
				CLANG_WARN_EMPTY_BODY = YES;
				CLANG_WARN_ENUM_CONVERSION = YES;
				CLANG_WARN_INFINITE_RECURSION = YES;
				CLANG_WARN_INT_CONVERSION = YES;
				CLANG_WARN_NON_LITERAL_NULL_CONVERSION = YES;
				CLANG_WARN_OBJC_IMPLICIT_RETAIN_SELF = YES;
				CLANG_WARN_OBJC_LITERAL_CONVERSION = YES;
				CLANG_WARN_OBJC_ROOT_CLASS = YES_ERROR;
				CLANG_WARN_QUOTED_INCLUDE_IN_FRAMEWORK_HEADER = YES;
				CLANG_WARN_RANGE_LOOP_ANALYSIS = YES;
				CLANG_WARN_STRICT_PROTOTYPES = YES;
				CLANG_WARN_SUSPICIOUS_MOVE = YES;
				CLANG_WARN_UNGUARDED_AVAILABILITY = YES_AGGRESSIVE;
				CLANG_WARN_UNREACHABLE_CODE = YES;
				CLANG_WARN__DUPLICATE_METHOD_MATCH = YES;
				COPY_PHASE_STRIP = NO;
				DEBUG_INFORMATION_FORMAT = dwarf;
				ENABLE_STRICT_OBJC_MSGSEND = YES;
				ENABLE_TESTABILITY = YES;
				GCC_C_LANGUAGE_STANDARD = gnu11;
				GCC_DYNAMIC_NO_PIC = NO;
				GCC_NO_COMMON_BLOCKS = YES;
				GCC_OPTIMIZATION_LEVEL = 0;
				GCC_PREPROCESSOR_DEFINITIONS = (
					"DEBUG=1",
					"$(inherited)",
				);
				GCC_WARN_64_TO_32_BIT_CONVERSION = YES;
				GCC_WARN_ABOUT_RETURN_TYPE = YES_ERROR;
				GCC_WARN_UNDECLARED_SELECTOR = YES;
				GCC_WARN_UNINITIALIZED_AUTOS = YES_AGGRESSIVE;
				GCC_WARN_UNUSED_FUNCTION = YES;
				GCC_WARN_UNUSED_VARIABLE = YES;
				IPHONEOS_DEPLOYMENT_TARGET = 14.5;
				MTL_ENABLE_DEBUG_INFO = INCLUDE_SOURCE;
				MTL_FAST_MATH = YES;
				ONLY_ACTIVE_ARCH = YES;
				SDKROOT = iphoneos;
				SWIFT_ACTIVE_COMPILATION_CONDITIONS = DEBUG;
				SWIFT_OPTIMIZATION_LEVEL = "-Onone";
			};
			name = Debug;
		};
		23AF2EDC2635A38B0065035F /* Release */ = {
			isa = XCBuildConfiguration;
			buildSettings = {
				ALWAYS_SEARCH_USER_PATHS = NO;
				CLANG_ANALYZER_NONNULL = YES;
				CLANG_ANALYZER_NUMBER_OBJECT_CONVERSION = YES_AGGRESSIVE;
				CLANG_CXX_LANGUAGE_STANDARD = "gnu++14";
				CLANG_CXX_LIBRARY = "libc++";
				CLANG_ENABLE_MODULES = YES;
				CLANG_ENABLE_OBJC_ARC = YES;
				CLANG_ENABLE_OBJC_WEAK = YES;
				CLANG_WARN_BLOCK_CAPTURE_AUTORELEASING = YES;
				CLANG_WARN_BOOL_CONVERSION = YES;
				CLANG_WARN_COMMA = YES;
				CLANG_WARN_CONSTANT_CONVERSION = YES;
				CLANG_WARN_DEPRECATED_OBJC_IMPLEMENTATIONS = YES;
				CLANG_WARN_DIRECT_OBJC_ISA_USAGE = YES_ERROR;
				CLANG_WARN_DOCUMENTATION_COMMENTS = YES;
				CLANG_WARN_EMPTY_BODY = YES;
				CLANG_WARN_ENUM_CONVERSION = YES;
				CLANG_WARN_INFINITE_RECURSION = YES;
				CLANG_WARN_INT_CONVERSION = YES;
				CLANG_WARN_NON_LITERAL_NULL_CONVERSION = YES;
				CLANG_WARN_OBJC_IMPLICIT_RETAIN_SELF = YES;
				CLANG_WARN_OBJC_LITERAL_CONVERSION = YES;
				CLANG_WARN_OBJC_ROOT_CLASS = YES_ERROR;
				CLANG_WARN_QUOTED_INCLUDE_IN_FRAMEWORK_HEADER = YES;
				CLANG_WARN_RANGE_LOOP_ANALYSIS = YES;
				CLANG_WARN_STRICT_PROTOTYPES = YES;
				CLANG_WARN_SUSPICIOUS_MOVE = YES;
				CLANG_WARN_UNGUARDED_AVAILABILITY = YES_AGGRESSIVE;
				CLANG_WARN_UNREACHABLE_CODE = YES;
				CLANG_WARN__DUPLICATE_METHOD_MATCH = YES;
				COPY_PHASE_STRIP = NO;
				DEBUG_INFORMATION_FORMAT = "dwarf-with-dsym";
				ENABLE_NS_ASSERTIONS = NO;
				ENABLE_STRICT_OBJC_MSGSEND = YES;
				GCC_C_LANGUAGE_STANDARD = gnu11;
				GCC_NO_COMMON_BLOCKS = YES;
				GCC_WARN_64_TO_32_BIT_CONVERSION = YES;
				GCC_WARN_ABOUT_RETURN_TYPE = YES_ERROR;
				GCC_WARN_UNDECLARED_SELECTOR = YES;
				GCC_WARN_UNINITIALIZED_AUTOS = YES_AGGRESSIVE;
				GCC_WARN_UNUSED_FUNCTION = YES;
				GCC_WARN_UNUSED_VARIABLE = YES;
				IPHONEOS_DEPLOYMENT_TARGET = 14.5;
				MTL_ENABLE_DEBUG_INFO = NO;
				MTL_FAST_MATH = YES;
				ONLY_ACTIVE_ARCH = YES;
				SDKROOT = iphoneos;
				SWIFT_COMPILATION_MODE = wholemodule;
				SWIFT_OPTIMIZATION_LEVEL = "-O";
				VALIDATE_PRODUCT = YES;
			};
			name = Release;
		};
		23AF2EDE2635A38B0065035F /* Debug */ = {
			isa = XCBuildConfiguration;
			buildSettings = {
				ASSETCATALOG_COMPILER_APPICON_NAME = AppIcon;
				ASSETCATALOG_COMPILER_GLOBAL_ACCENT_COLOR_NAME = AccentColor;
				CODE_SIGN_STYLE = Automatic;
				CURRENT_PROJECT_VERSION = 9;
				DEVELOPMENT_TEAM = QQB4FNYPXN;
				INFOPLIST_FILE = Kontur.Frut.1/Info.plist;
				IPHONEOS_DEPLOYMENT_TARGET = 14.5;
				LD_RUNPATH_SEARCH_PATHS = (
					"$(inherited)",
					"@executable_path/Frameworks",
				);
				MARKETING_VERSION = 2.6;
				PRODUCT_BUNDLE_IDENTIFIER = "uz.Kontur-Frut-1";
				PRODUCT_NAME = "$(TARGET_NAME)";
				SWIFT_VERSION = 5.0;
				TARGETED_DEVICE_FAMILY = 1;
			};
			name = Debug;
		};
		23AF2EDF2635A38B0065035F /* Release */ = {
			isa = XCBuildConfiguration;
			buildSettings = {
				ASSETCATALOG_COMPILER_APPICON_NAME = AppIcon;
				ASSETCATALOG_COMPILER_GLOBAL_ACCENT_COLOR_NAME = AccentColor;
				CODE_SIGN_STYLE = Automatic;
				CURRENT_PROJECT_VERSION = 9;
				DEVELOPMENT_TEAM = QQB4FNYPXN;
				INFOPLIST_FILE = Kontur.Frut.1/Info.plist;
				IPHONEOS_DEPLOYMENT_TARGET = 14.5;
				LD_RUNPATH_SEARCH_PATHS = (
					"$(inherited)",
					"@executable_path/Frameworks",
				);
				MARKETING_VERSION = 2.6;
				PRODUCT_BUNDLE_IDENTIFIER = "uz.Kontur-Frut-1";
				PRODUCT_NAME = "$(TARGET_NAME)";
				SWIFT_VERSION = 5.0;
				TARGETED_DEVICE_FAMILY = 1;
			};
			name = Release;
		};
/* End XCBuildConfiguration section */

/* Begin XCConfigurationList section */
		23AF2EC42635A3840065035F /* Build configuration list for PBXProject "Kontur.Frut.1" */ = {
			isa = XCConfigurationList;
			buildConfigurations = (
				23AF2EDB2635A38B0065035F /* Debug */,
				23AF2EDC2635A38B0065035F /* Release */,
			);
			defaultConfigurationIsVisible = 0;
			defaultConfigurationName = Release;
		};
		23AF2EDD2635A38B0065035F /* Build configuration list for PBXNativeTarget "Kontur.Frut.1" */ = {
			isa = XCConfigurationList;
			buildConfigurations = (
				23AF2EDE2635A38B0065035F /* Debug */,
				23AF2EDF2635A38B0065035F /* Release */,
			);
			defaultConfigurationIsVisible = 0;
			defaultConfigurationName = Release;
		};
/* End XCConfigurationList section */
	};
	rootObject = 23AF2EC12635A3840065035F /* Project object */;
}
